
Microsoft Visual Studio Solution File, Format Version 12.00
# Visual Studio Version 17
VisualStudioVersion = 17.5.33627.172
MinimumVisualStudioVersion = 10.0.40219.1
Project("{9A19103F-16F7-4668-BE54-9A1E7A4F7556}") = "api", "api.csproj", "{FEDCC881-BB4F-44C0-A088-5F693243DF79}"
EndProject
Global
	GlobalSection(SolutionConfigurationPlatforms) = preSolution
		Debug|Any CPU = Debug|Any CPU
		Release|Any CPU = Release|Any CPU
	EndGlobalSection
	GlobalSection(ProjectConfigurationPlatforms) = postSolution
		{FEDCC881-BB4F-44C0-A088-5F693243DF79}.Debug|Any CPU.ActiveCfg = Debug|Any CPU
		{FEDCC881-BB4F-44C0-A088-5F693243DF79}.Debug|Any CPU.Build.0 = Debug|Any CPU
		{FEDCC881-BB4F-44C0-A088-5F693243DF79}.Release|Any CPU.ActiveCfg = Release|Any CPU
		{FEDCC881-BB4F-44C0-A088-5F693243DF79}.Release|Any CPU.Build.0 = Release|Any CPU
	EndGlobalSection
	GlobalSection(SolutionProperties) = preSolution
		HideSolutionNode = FALSE
	EndGlobalSection
	GlobalSection(ExtensibilityGlobals) = postSolution
		SolutionGuid = {224BFFF2-197A-4013-AC57-40740C06D0CC}
	EndGlobalSection
EndGlobal
